
Microsoft Visual Studio Solution File, Format Version 12.00
# Visual Studio Version 17
VisualStudioVersion = 17.4.33205.214
MinimumVisualStudioVersion = 10.0.40219.1
Project("{FAE04EC0-301F-11D3-BF4B-00C04F79EFBC}") = "ProtoTestSCG", "ProtoTestSCG\ProtoTestSCG.csproj", "{8667CDDE-2BA1-4A3A-A627-769A9A97DCFA}"
EndProject
Global
	GlobalSection(SolutionConfigurationPlatforms) = preSolution
		Debug|Any CPU = Debug|Any CPU
		Release|Any CPU = Release|Any CPU
	EndGlobalSection
	GlobalSection(ProjectConfigurationPlatforms) = postSolution
		{8667CDDE-2BA1-4A3A-A627-769A9A97DCFA}.Debug|Any CPU.ActiveCfg = Debug|Any CPU
		{8667CDDE-2BA1-4A3A-A627-769A9A97DCFA}.Debug|Any CPU.Build.0 = Debug|Any CPU
		{8667CDDE-2BA1-4A3A-A627-769A9A97DCFA}.Release|Any CPU.ActiveCfg = Release|Any CPU
		{8667CDDE-2BA1-4A3A-A627-769A9A97DCFA}.Release|Any CPU.Build.0 = Release|Any CPU
	EndGlobalSection
	GlobalSection(SolutionProperties) = preSolution
		HideSolutionNode = FALSE
	EndGlobalSection
	GlobalSection(ExtensibilityGlobals) = postSolution
		SolutionGuid = {EEB16EBA-DFA9-4C28-9435-14569A0F69E7}
	EndGlobalSection
EndGlobal
